
Microsoft Visual Studio Solution File, Format Version 12.00
# Visual Studio Version 17
VisualStudioVersion = 17.4.33213.308
MinimumVisualStudioVersion = 10.0.40219.1
Project("{9A19103F-16F7-4668-BE54-9A1E7A4F7556}") = "Lesson9", "Lesson9\Lesson9.csproj", "{034AA3E1-24EF-4688-8E31-452BBEFF4725}"
EndProject
Global
	GlobalSection(SolutionConfigurationPlatforms) = preSolution
		Debug|Any CPU = Debug|Any CPU
		Release|Any CPU = Release|Any CPU
	EndGlobalSection
	GlobalSection(ProjectConfigurationPlatforms) = postSolution
		{034AA3E1-24EF-4688-8E31-452BBEFF4725}.Debug|Any CPU.ActiveCfg = Debug|Any CPU
		{034AA3E1-24EF-4688-8E31-452BBEFF4725}.Debug|Any CPU.Build.0 = Debug|Any CPU
		{034AA3E1-24EF-4688-8E31-452BBEFF4725}.Release|Any CPU.ActiveCfg = Release|Any CPU
		{034AA3E1-24EF-4688-8E31-452BBEFF4725}.Release|Any CPU.Build.0 = Release|Any CPU
	EndGlobalSection
	GlobalSection(SolutionProperties) = preSolution
		HideSolutionNode = FALSE
	EndGlobalSection
	GlobalSection(ExtensibilityGlobals) = postSolution
		SolutionGuid = {C1677C1E-5316-4E35-B78C-03AD8352CA60}
	EndGlobalSection
EndGlobal
